
Microsoft Visual Studio Solution File, Format Version 12.00
# Visual Studio Version 16
VisualStudioVersion = 16.0.33027.164
MinimumVisualStudioVersion = 10.0.40219.1
Project("{8BC9CEB8-8B4A-11D0-8D11-00A0C91BC942}") = "Example 2 - Do While Loops", "Example2 - DoWhile\Example2 - DoWhile.vcxproj", "{A87E5A83-6B03-4EF0-AE7A-9D3C6936CC15}"
EndProject
Project("{8BC9CEB8-8B4A-11D0-8D11-00A0C91BC942}") = "Example 3 - For Loops", "Example3 - For\Example3 - For.vcxproj", "{BA04531B-3F3F-4E65-9788-8016F113B036}"
EndProject
Project("{8BC9CEB8-8B4A-11D0-8D11-00A0C91BC942}") = "Example 4 - Continue", "Example4 - Continue\Example4 - Continue.vcxproj", "{0F035848-DD2F-413A-AA82-032FBF1390FD}"
EndProject
Project("{8BC9CEB8-8B4A-11D0-8D11-00A0C91BC942}") = "Example 5 - Break", "Example5 - Break\Example5 - Break.vcxproj", "{E64BDA91-5328-4378-A603-92CB72843258}"
EndProject
Project("{8BC9CEB8-8B4A-11D0-8D11-00A0C91BC942}") = "Example 6 - Initialising Arrays", "Example6 - InitialisingArrays\Example6 - InitialisingArrays.vcxproj", "{0686D059-0BF5-4E8D-BDC6-4271796D0D8B}"
EndProject
Project("{8BC9CEB8-8B4A-11D0-8D11-00A0C91BC942}") = "Example 7 - Iterating Arrays", "Example7 - IteratingArrays\Example7 - IteratingArrays.vcxproj", "{66744E32-5A2A-46A5-A42F-D94F712DC00F}"
EndProject
Project("{8BC9CEB8-8B4A-11D0-8D11-00A0C91BC942}") = "Example 8 - Save To File", "Example8 - FileHandling\Example8 - FileHandling.vcxproj", "{6E213524-DDDA-4E66-A4DA-2446934B7FFB}"
EndProject
Project("{8BC9CEB8-8B4A-11D0-8D11-00A0C91BC942}") = "Example 9 - Load From File", "Example9 - LoadFromFile\Example 9 - Load From File.vcxproj", "{DF651383-FB79-49DF-AF5B-EC66B0F41009}"
EndProject
Project("{8BC9CEB8-8B4A-11D0-8D11-00A0C91BC942}") = "Example 1 - While Loops", "Example1 - WhileLoops\Example1.vcxproj", "{9B44193A-15D5-491D-A5B9-9969112C1E90}"
EndProject
Global
	GlobalSection(SolutionConfigurationPlatforms) = preSolution
		Debug|x64 = Debug|x64
		Debug|x86 = Debug|x86
		Release|x64 = Release|x64
		Release|x86 = Release|x86
	EndGlobalSection
	GlobalSection(ProjectConfigurationPlatforms) = postSolution
		{A87E5A83-6B03-4EF0-AE7A-9D3C6936CC15}.Debug|x64.ActiveCfg = Debug|x64
		{A87E5A83-6B03-4EF0-AE7A-9D3C6936CC15}.Debug|x64.Build.0 = Debug|x64
		{A87E5A83-6B03-4EF0-AE7A-9D3C6936CC15}.Debug|x86.ActiveCfg = Debug|Win32
		{A87E5A83-6B03-4EF0-AE7A-9D3C6936CC15}.Debug|x86.Build.0 = Debug|Win32
		{A87E5A83-6B03-4EF0-AE7A-9D3C6936CC15}.Release|x64.ActiveCfg = Release|x64
		{A87E5A83-6B03-4EF0-AE7A-9D3C6936CC15}.Release|x64.Build.0 = Release|x64
		{A87E5A83-6B03-4EF0-AE7A-9D3C6936CC15}.Release|x86.ActiveCfg = Release|Win32
		{A87E5A83-6B03-4EF0-AE7A-9D3C6936CC15}.Release|x86.Build.0 = Release|Win32
		{BA04531B-3F3F-4E65-9788-8016F113B036}.Debug|x64.ActiveCfg = Debug|x64
		{BA04531B-3F3F-4E65-9788-8016F113B036}.Debug|x64.Build.0 = Debug|x64
		{BA04531B-3F3F-4E65-9788-8016F113B036}.Debug|x86.ActiveCfg = Debug|Win32
		{BA04531B-3F3F-4E65-9788-8016F113B036}.Debug|x86.Build.0 = Debug|Win32
		{BA04531B-3F3F-4E65-9788-8016F113B036}.Release|x64.ActiveCfg = Release|x64
		{BA04531B-3F3F-4E65-9788-8016F113B036}.Release|x64.Build.0 = Release|x64
		{BA04531B-3F3F-4E65-9788-8016F113B036}.Release|x86.ActiveCfg = Release|Win32
		{BA04531B-3F3F-4E65-9788-8016F113B036}.Release|x86.Build.0 = Release|Win32
		{0F035848-DD2F-413A-AA82-032FBF1390FD}.Debug|x64.ActiveCfg = Debug|x64
		{0F035848-DD2F-413A-AA82-032FBF1390FD}.Debug|x64.Build.0 = Debug|x64
		{0F035848-DD2F-413A-AA82-032FBF1390FD}.Debug|x86.ActiveCfg = Debug|Win32
		{0F035848-DD2F-413A-AA82-032FBF1390FD}.Debug|x86.Build.0 = Debug|Win32
		{0F035848-DD2F-413A-AA82-032FBF1390FD}.Release|x64.ActiveCfg = Release|x64
		{0F035848-DD2F-413A-AA82-032FBF1390FD}.Release|x64.Build.0 = Release|x64
		{0F035848-DD2F-413A-AA82-032FBF1390FD}.Release|x86.ActiveCfg = Release|Win32
		{0F035848-DD2F-413A-AA82-032FBF1390FD}.Release|x86.Build.0 = Release|Win32
		{E64BDA91-5328-4378-A603-92CB72843258}.Debug|x64.ActiveCfg = Debug|x64
		{E64BDA91-5328-4378-A603-92CB72843258}.Debug|x64.Build.0 = Debug|x64
		{E64BDA91-5328-4378-A603-92CB72843258}.Debug|x86.ActiveCfg = Debug|Win32
		{E64BDA91-5328-4378-A603-92CB72843258}.Debug|x86.Build.0 = Debug|Win32
		{E64BDA91-5328-4378-A603-92CB72843258}.Release|x64.ActiveCfg = Release|x64
		{E64BDA91-5328-4378-A603-92CB72843258}.Release|x64.Build.0 = Release|x64
		{E64BDA91-5328-4378-A603-92CB72843258}.Release|x86.ActiveCfg = Release|Win32
		{E64BDA91-5328-4378-A603-92CB72843258}.Release|x86.Build.0 = Release|Win32
		{0686D059-0BF5-4E8D-BDC6-4271796D0D8B}.Debug|x64.ActiveCfg = Debug|x64
		{0686D059-0BF5-4E8D-BDC6-4271796D0D8B}.Debug|x64.Build.0 = Debug|x64
		{0686D059-0BF5-4E8D-BDC6-4271796D0D8B}.Debug|x86.ActiveCfg = Debug|Win32
		{0686D059-0BF5-4E8D-BDC6-4271796D0D8B}.Debug|x86.Build.0 = Debug|Win32
		{0686D059-0BF5-4E8D-BDC6-4271796D0D8B}.Release|x64.ActiveCfg = Release|x64
		{0686D059-0BF5-4E8D-BDC6-4271796D0D8B}.Release|x64.Build.0 = Release|x64
		{0686D059-0BF5-4E8D-BDC6-4271796D0D8B}.Release|x86.ActiveCfg = Release|Win32
		{0686D059-0BF5-4E8D-BDC6-4271796D0D8B}.Release|x86.Build.0 = Release|Win32
		{66744E32-5A2A-46A5-A42F-D94F712DC00F}.Debug|x64.ActiveCfg = Debug|x64
		{66744E32-5A2A-46A5-A42F-D94F712DC00F}.Debug|x64.Build.0 = Debug|x64
		{66744E32-5A2A-46A5-A42F-D94F712DC00F}.Debug|x86.ActiveCfg = Debug|Win32
		{66744E32-5A2A-46A5-A42F-D94F712DC00F}.Debug|x86.Build.0 = Debug|Win32
		{66744E32-5A2A-46A5-A42F-D94F712DC00F}.Release|x64.ActiveCfg = Release|x64
		{66744E32-5A2A-46A5-A42F-D94F712DC00F}.Release|x64.Build.0 = Release|x64
		{66744E32-5A2A-46A5-A42F-D94F712DC00F}.Release|x86.ActiveCfg = Release|Win32
		{66744E32-5A2A-46A5-A42F-D94F712DC00F}.Release|x86.Build.0 = Release|Win32
		{6E213524-DDDA-4E66-A4DA-2446934B7FFB}.Debug|x64.ActiveCfg = Debug|x64
		{6E213524-DDDA-4E66-A4DA-2446934B7FFB}.Debug|x64.Build.0 = Debug|x64
		{6E213524-DDDA-4E66-A4DA-2446934B7FFB}.Debug|x86.ActiveCfg = Debug|Win32
		{6E213524-DDDA-4E66-A4DA-2446934B7FFB}.Debug|x86.Build.0 = Debug|Win32
		{6E213524-DDDA-4E66-A4DA-2446934B7FFB}.Release|x64.ActiveCfg = Release|x64
		{6E213524-DDDA-4E66-A4DA-2446934B7FFB}.Release|x64.Build.0 = Release|x64
		{6E213524-DDDA-4E66-A4DA-2446934B7FFB}.Release|x86.ActiveCfg = Release|Win32
		{6E213524-DDDA-4E66-A4DA-2446934B7FFB}.Release|x86.Build.0 = Release|Win32
		{DF651383-FB79-49DF-AF5B-EC66B0F41009}.Debug|x64.ActiveCfg = Debug|x64
		{DF651383-FB79-49DF-AF5B-EC66B0F41009}.Debug|x64.Build.0 = Debug|x64
		{DF651383-FB79-49DF-AF5B-EC66B0F41009}.Debug|x86.ActiveCfg = Debug|Win32
		{DF651383-FB79-49DF-AF5B-EC66B0F41009}.Debug|x86.Build.0 = Debug|Win32
		{DF651383-FB79-49DF-AF5B-EC66B0F41009}.Release|x64.ActiveCfg = Release|x64
		{DF651383-FB79-49DF-AF5B-EC66B0F41009}.Release|x64.Build.0 = Release|x64
		{DF651383-FB79-49DF-AF5B-EC66B0F41009}.Release|x86.ActiveCfg = Release|Win32
		{DF651383-FB79-49DF-AF5B-EC66B0F41009}.Release|x86.Build.0 = Release|Win32
		{9B44193A-15D5-491D-A5B9-9969112C1E90}.Debug|x64.ActiveCfg = Debug|x64
		{9B44193A-15D5-491D-A5B9-9969112C1E90}.Debug|x64.Build.0 = Debug|x64
		{9B44193A-15D5-491D-A5B9-9969112C1E90}.Debug|x86.ActiveCfg = Debug|Win32
		{9B44193A-15D5-491D-A5B9-9969112C1E90}.Debug|x86.Build.0 = Debug|Win32
		{9B44193A-15D5-491D-A5B9-9969112C1E90}.Release|x64.ActiveCfg = Release|x64
		{9B44193A-15D5-491D-A5B9-9969112C1E90}.Release|x64.Build.0 = Release|x64
		{9B44193A-15D5-491D-A5B9-9969112C1E90}.Release|x86.ActiveCfg = Release|Win32
		{9B44193A-15D5-491D-A5B9-9969112C1E90}.Release|x86.Build.0 = Release|Win32
	EndGlobalSection
	GlobalSection(SolutionProperties) = preSolution
		HideSolutionNode = FALSE
	EndGlobalSection
	GlobalSection(ExtensibilityGlobals) = postSolution
		SolutionGuid = {446ACD9E-DEBD-433F-ADA0-D0DB39984BE5}
	EndGlobalSection
EndGlobal
